
Microsoft Visual Studio Solution File, Format Version 12.00
# Visual Studio Version 16
VisualStudioVersion = 16.0.30907.101
MinimumVisualStudioVersion = 10.0.40219.1
Project("{FAE04EC0-301F-11D3-BF4B-00C04F79EFBC}") = "ArrayListApp2", "ArrayListApp2\ArrayListApp2.csproj", "{81746D65-487E-4264-BEBB-04E585801577}"
EndProject
Global
	GlobalSection(SolutionConfigurationPlatforms) = preSolution
		Debug|Any CPU = Debug|Any CPU
		Release|Any CPU = Release|Any CPU
	EndGlobalSection
	GlobalSection(ProjectConfigurationPlatforms) = postSolution
		{81746D65-487E-4264-BEBB-04E585801577}.Debug|Any CPU.ActiveCfg = Debug|Any CPU
		{81746D65-487E-4264-BEBB-04E585801577}.Debug|Any CPU.Build.0 = Debug|Any CPU
		{81746D65-487E-4264-BEBB-04E585801577}.Release|Any CPU.ActiveCfg = Release|Any CPU
		{81746D65-487E-4264-BEBB-04E585801577}.Release|Any CPU.Build.0 = Release|Any CPU
	EndGlobalSection
	GlobalSection(SolutionProperties) = preSolution
		HideSolutionNode = FALSE
	EndGlobalSection
	GlobalSection(ExtensibilityGlobals) = postSolution
		SolutionGuid = {DA937640-0C3E-4380-BBD0-17DCEE569664}
	EndGlobalSection
EndGlobal
